// !$*UTF8*$!
{
	archiveVersion = 1;
	classes = {
	};
	objectVersion = 45;
	objects = {

/* Begin PBXBuildFile section */
		1D3623260D0F684500981E51 /* iResistAppDelegate.m in Sources */ = {isa = PBXBuildFile; fileRef = 1D3623250D0F684500981E51 /* iResistAppDelegate.m */; };
		1D60589B0D05DD56006BFB54 /* main.m in Sources */ = {isa = PBXBuildFile; fileRef = 29B97316FDCFA39411CA2CEA /* main.m */; };
		1D60589F0D05DD5A006BFB54 /* Foundation.framework in Frameworks */ = {isa = PBXBuildFile; fileRef = 1D30AB110D05D00D00671497 /* Foundation.framework */; };
		1DF5F4E00D08C38300B7A737 /* UIKit.framework in Frameworks */ = {isa = PBXBuildFile; fileRef = 1DF5F4DF0D08C38300B7A737 /* UIKit.framework */; };
		2899E5220DE3E06400AC0155 /* iResistViewController.xib in Resources */ = {isa = PBXBuildFile; fileRef = 2899E5210DE3E06400AC0155 /* iResistViewController.xib */; };
		28AD733F0D9D9553002E5188 /* MainWindow.xib in Resources */ = {isa = PBXBuildFile; fileRef = 28AD733E0D9D9553002E5188 /* MainWindow.xib */; };
		28D7ACF80DDB3853001CB0EB /* iResistViewController.m in Sources */ = {isa = PBXBuildFile; fileRef = 28D7ACF70DDB3853001CB0EB /* iResistViewController.m */; };
		430B96FF0E2695AF001F33CC /* ResistorColorPicker.m in Sources */ = {isa = PBXBuildFile; fileRef = 430B96FE0E2695AF001F33CC /* ResistorColorPicker.m */; };
		431ABB4C0E3D25CB009EE3DE /* SettingsView.xib in Resources */ = {isa = PBXBuildFile; fileRef = 431ABB4B0E3D25CB009EE3DE /* SettingsView.xib */; };
		431ABB620E3D2728009EE3DE /* ResistorValueView.xib in Resources */ = {isa = PBXBuildFile; fileRef = 431ABB610E3D2728009EE3DE /* ResistorValueView.xib */; };
		431ABB6B0E3D2892009EE3DE /* ResistorValueViewController.m in Sources */ = {isa = PBXBuildFile; fileRef = 431ABB6A0E3D2892009EE3DE /* ResistorValueViewController.m */; };
		431ABB6E0E3D289A009EE3DE /* SettingsViewController.m in Sources */ = {isa = PBXBuildFile; fileRef = 431ABB6D0E3D289A009EE3DE /* SettingsViewController.m */; };
		43EC44830E2EA2A10035DD57 /* iResist.png in Resources */ = {isa = PBXBuildFile; fileRef = 43EC44820E2EA2A10035DD57 /* iResist.png */; };
		940D4C370E280A9C003733D4 /* checker.bmp in Resources */ = {isa = PBXBuildFile; fileRef = 940D4C360E280A9C003733D4 /* checker.bmp */; };
		940D4D730E282F3C003733D4 /* blackmag.png in Resources */ = {isa = PBXBuildFile; fileRef = 940D4D720E282F3C003733D4 /* blackmag.png */; };
		94148A580E2C0E1B00986196 /* resistor_320.png in Resources */ = {isa = PBXBuildFile; fileRef = 94148A570E2C0E1B00986196 /* resistor_320.png */; };
		94176FC40E2E65A100763E7A /* blue.png in Resources */ = {isa = PBXBuildFile; fileRef = 94176FB80E2E65A100763E7A /* blue.png */; };
		94176FC50E2E65A100763E7A /* black.png in Resources */ = {isa = PBXBuildFile; fileRef = 94176FB90E2E65A100763E7A /* black.png */; };
		94176FC60E2E65A100763E7A /* brown.png in Resources */ = {isa = PBXBuildFile; fileRef = 94176FBA0E2E65A100763E7A /* brown.png */; };
		94176FC70E2E65A100763E7A /* yellow.png in Resources */ = {isa = PBXBuildFile; fileRef = 94176FBB0E2E65A100763E7A /* yellow.png */; };
		94176FC80E2E65A100763E7A /* red.png in Resources */ = {isa = PBXBuildFile; fileRef = 94176FBC0E2E65A100763E7A /* red.png */; };
		94176FC90E2E65A100763E7A /* gold.png in Resources */ = {isa = PBXBuildFile; fileRef = 94176FBD0E2E65A100763E7A /* gold.png */; };
		94176FCA0E2E65A100763E7A /* violet.png in Resources */ = {isa = PBXBuildFile; fileRef = 94176FBE0E2E65A100763E7A /* violet.png */; };
		94176FCB0E2E65A100763E7A /* white.png in Resources */ = {isa = PBXBuildFile; fileRef = 94176FBF0E2E65A100763E7A /* white.png */; };
		94176FCC0E2E65A100763E7A /* green.png in Resources */ = {isa = PBXBuildFile; fileRef = 94176FC00E2E65A100763E7A /* green.png */; };
		94176FCD0E2E65A100763E7A /* silver.png in Resources */ = {isa = PBXBuildFile; fileRef = 94176FC10E2E65A100763E7A /* silver.png */; };
		94176FCE0E2E65A100763E7A /* orange.png in Resources */ = {isa = PBXBuildFile; fileRef = 94176FC20E2E65A100763E7A /* orange.png */; };
		94176FCF0E2E65A100763E7A /* gray.png in Resources */ = {isa = PBXBuildFile; fileRef = 94176FC30E2E65A100763E7A /* gray.png */; };
		945705610E428D4B0097F793 /* Default.png in Resources */ = {isa = PBXBuildFile; fileRef = 945705600E428D4B0097F793 /* Default.png */; };
		94B8E9250E403FAD00C1B620 /* iResist-large.png in Resources */ = {isa = PBXBuildFile; fileRef = 94EC96900E3F9AA9009A4CAF /* iResist-large.png */; };
/* End PBXBuildFile section */

/* Begin PBXFileReference section */
		1D30AB110D05D00D00671497 /* Foundation.framework */ = {isa = PBXFileReference; lastKnownFileType = wrapper.framework; name = Foundation.framework; path = System/Library/Frameworks/Foundation.framework; sourceTree = SDKROOT; };
		1D3623240D0F684500981E51 /* iResistAppDelegate.h */ = {isa = PBXFileReference; fileEncoding = 4; lastKnownFileType = sourcecode.c.h; path = iResistAppDelegate.h; sourceTree = "<group>"; };
		1D3623250D0F684500981E51 /* iResistAppDelegate.m */ = {isa = PBXFileReference; fileEncoding = 4; lastKnownFileType = sourcecode.c.objc; path = iResistAppDelegate.m; sourceTree = "<group>"; };
		1D6058910D05DD3D006BFB54 /* iResist.app */ = {isa = PBXFileReference; explicitFileType = wrapper.application; includeInIndex = 0; path = iResist.app; sourceTree = BUILT_PRODUCTS_DIR; };
		1DF5F4DF0D08C38300B7A737 /* UIKit.framework */ = {isa = PBXFileReference; lastKnownFileType = wrapper.framework; name = UIKit.framework; path = System/Library/Frameworks/UIKit.framework; sourceTree = SDKROOT; };
		2899E5210DE3E06400AC0155 /* iResistViewController.xib */ = {isa = PBXFileReference; lastKnownFileType = file.xib; path = iResistViewController.xib; sourceTree = "<group>"; };
		28AD733E0D9D9553002E5188 /* MainWindow.xib */ = {isa = PBXFileReference; lastKnownFileType = file.xib; path = MainWindow.xib; sourceTree = "<group>"; };
		28D7ACF60DDB3853001CB0EB /* iResistViewController.h */ = {isa = PBXFileReference; fileEncoding = 4; lastKnownFileType = sourcecode.c.h; path = iResistViewController.h; sourceTree = "<group>"; };
		28D7ACF70DDB3853001CB0EB /* iResistViewController.m */ = {isa = PBXFileReference; fileEncoding = 4; lastKnownFileType = sourcecode.c.objc; path = iResistViewController.m; sourceTree = "<group>"; };
		29B97316FDCFA39411CA2CEA /* main.m */ = {isa = PBXFileReference; fileEncoding = 4; lastKnownFileType = sourcecode.c.objc; path = main.m; sourceTree = "<group>"; };
		32CA4F630368D1EE00C91783 /* iResist_Prefix.pch */ = {isa = PBXFileReference; fileEncoding = 4; lastKnownFileType = sourcecode.c.h; path = iResist_Prefix.pch; sourceTree = "<group>"; };
		430B96FD0E2695AF001F33CC /* ResistorColorPicker.h */ = {isa = PBXFileReference; explicitFileType = sourcecode.c.h; fileEncoding = 4; path = ResistorColorPicker.h; sourceTree = "<group>"; };
		430B96FE0E2695AF001F33CC /* ResistorColorPicker.m */ = {isa = PBXFileReference; fileEncoding = 4; lastKnownFileType = sourcecode.c.objc; path = ResistorColorPicker.m; sourceTree = "<group>"; };
		431ABB4B0E3D25CB009EE3DE /* SettingsView.xib */ = {isa = PBXFileReference; lastKnownFileType = file.xib; path = SettingsView.xib; sourceTree = "<group>"; };
		431ABB610E3D2728009EE3DE /* ResistorValueView.xib */ = {isa = PBXFileReference; lastKnownFileType = file.xib; path = ResistorValueView.xib; sourceTree = "<group>"; };
		431ABB690E3D2892009EE3DE /* ResistorValueViewController.h */ = {isa = PBXFileReference; fileEncoding = 4; lastKnownFileType = sourcecode.c.h; path = ResistorValueViewController.h; sourceTree = "<group>"; };
		431ABB6A0E3D2892009EE3DE /* ResistorValueViewController.m */ = {isa = PBXFileReference; fileEncoding = 4; lastKnownFileType = sourcecode.c.objc; path = ResistorValueViewController.m; sourceTree = "<group>"; };
		431ABB6C0E3D289A009EE3DE /* SettingsViewController.h */ = {isa = PBXFileReference; fileEncoding = 4; lastKnownFileType = sourcecode.c.h; path = SettingsViewController.h; sourceTree = "<group>"; };
		431ABB6D0E3D289A009EE3DE /* SettingsViewController.m */ = {isa = PBXFileReference; fileEncoding = 4; lastKnownFileType = sourcecode.c.objc; path = SettingsViewController.m; sourceTree = "<group>"; };
		43EC44820E2EA2A10035DD57 /* iResist.png */ = {isa = PBXFileReference; lastKnownFileType = image.png; path = iResist.png; sourceTree = "<group>"; };
		8D1107310486CEB800E47090 /* Info.plist */ = {isa = PBXFileReference; fileEncoding = 4; lastKnownFileType = text.plist.xml; path = Info.plist; sourceTree = "<group>"; };
		940D4C360E280A9C003733D4 /* checker.bmp */ = {isa = PBXFileReference; lastKnownFileType = image.bmp; path = checker.bmp; sourceTree = "<group>"; };
		940D4D720E282F3C003733D4 /* blackmag.png */ = {isa = PBXFileReference; lastKnownFileType = image.png; path = blackmag.png; sourceTree = "<group>"; };
		94148A570E2C0E1B00986196 /* resistor_320.png */ = {isa = PBXFileReference; lastKnownFileType = image.png; path = resistor_320.png; sourceTree = "<group>"; };
		94176FB80E2E65A100763E7A /* blue.png */ = {isa = PBXFileReference; lastKnownFileType = image.png; name = blue.png; path = bar_images/blue.png; sourceTree = "<group>"; };
		94176FB90E2E65A100763E7A /* black.png */ = {isa = PBXFileReference; lastKnownFileType = image.png; name = black.png; path = bar_images/black.png; sourceTree = "<group>"; };
		94176FBA0E2E65A100763E7A /* brown.png */ = {isa = PBXFileReference; lastKnownFileType = image.png; name = brown.png; path = bar_images/brown.png; sourceTree = "<group>"; };
		94176FBB0E2E65A100763E7A /* yellow.png */ = {isa = PBXFileReference; lastKnownFileType = image.png; name = yellow.png; path = bar_images/yellow.png; sourceTree = "<group>"; };
		94176FBC0E2E65A100763E7A /* red.png */ = {isa = PBXFileReference; lastKnownFileType = image.png; name = red.png; path = bar_images/red.png; sourceTree = "<group>"; };
		94176FBD0E2E65A100763E7A /* gold.png */ = {isa = PBXFileReference; lastKnownFileType = image.png; name = gold.png; path = bar_images/gold.png; sourceTree = "<group>"; };
		94176FBE0E2E65A100763E7A /* violet.png */ = {isa = PBXFileReference; lastKnownFileType = image.png; name = violet.png; path = bar_images/violet.png; sourceTree = "<group>"; };
		94176FBF0E2E65A100763E7A /* white.png */ = {isa = PBXFileReference; lastKnownFileType = image.png; name = white.png; path = bar_images/white.png; sourceTree = "<group>"; };
		94176FC00E2E65A100763E7A /* green.png */ = {isa = PBXFileReference; lastKnownFileType = image.png; name = green.png; path = bar_images/green.png; sourceTree = "<group>"; };
		94176FC10E2E65A100763E7A /* silver.png */ = {isa = PBXFileReference; lastKnownFileType = image.png; name = silver.png; path = bar_images/silver.png; sourceTree = "<group>"; };
		94176FC20E2E65A100763E7A /* orange.png */ = {isa = PBXFileReference; lastKnownFileType = image.png; name = orange.png; path = bar_images/orange.png; sourceTree = "<group>"; };
		94176FC30E2E65A100763E7A /* gray.png */ = {isa = PBXFileReference; lastKnownFileType = image.png; name = gray.png; path = bar_images/gray.png; sourceTree = "<group>"; };
		945705600E428D4B0097F793 /* Default.png */ = {isa = PBXFileReference; lastKnownFileType = image.png; path = Default.png; sourceTree = "<group>"; };
		94EC96900E3F9AA9009A4CAF /* iResist-large.png */ = {isa = PBXFileReference; lastKnownFileType = image.png; path = "iResist-large.png"; sourceTree = "<group>"; };
/* End PBXFileReference section */

/* Begin PBXFrameworksBuildPhase section */
		1D60588F0D05DD3D006BFB54 /* Frameworks */ = {
			isa = PBXFrameworksBuildPhase;
			buildActionMask = 2147483647;
			files = (
				1D60589F0D05DD5A006BFB54 /* Foundation.framework in Frameworks */,
				1DF5F4E00D08C38300B7A737 /* UIKit.framework in Frameworks */,
			);
			runOnlyForDeploymentPostprocessing = 0;
		};
/* End PBXFrameworksBuildPhase section */

/* Begin PBXGroup section */
		080E96DDFE201D6D7F000001 /* Classes */ = {
			isa = PBXGroup;
			children = (
				430B96FD0E2695AF001F33CC /* ResistorColorPicker.h */,
				430B96FE0E2695AF001F33CC /* ResistorColorPicker.m */,
				431ABB690E3D2892009EE3DE /* ResistorValueViewController.h */,
				431ABB6A0E3D2892009EE3DE /* ResistorValueViewController.m */,
				431ABB6C0E3D289A009EE3DE /* SettingsViewController.h */,
				431ABB6D0E3D289A009EE3DE /* SettingsViewController.m */,
				1D3623240D0F684500981E51 /* iResistAppDelegate.h */,
				1D3623250D0F684500981E51 /* iResistAppDelegate.m */,
				28D7ACF60DDB3853001CB0EB /* iResistViewController.h */,
				28D7ACF70DDB3853001CB0EB /* iResistViewController.m */,
			);
			path = Classes;
			sourceTree = "<group>";
		};
		19C28FACFE9D520D11CA2CBB /* Products */ = {
			isa = PBXGroup;
			children = (
				1D6058910D05DD3D006BFB54 /* iResist.app */,
			);
			name = Products;
			sourceTree = "<group>";
		};
		29B97314FDCFA39411CA2CEA /* CustomTemplate */ = {
			isa = PBXGroup;
			children = (
				080E96DDFE201D6D7F000001 /* Classes */,
				29B97315FDCFA39411CA2CEA /* Other Sources */,
				29B97317FDCFA39411CA2CEA /* Resources */,
				29B97323FDCFA39411CA2CEA /* Frameworks */,
				19C28FACFE9D520D11CA2CBB /* Products */,
			);
			name = CustomTemplate;
			sourceTree = "<group>";
		};
		29B97315FDCFA39411CA2CEA /* Other Sources */ = {
			isa = PBXGroup;
			children = (
				32CA4F630368D1EE00C91783 /* iResist_Prefix.pch */,
				29B97316FDCFA39411CA2CEA /* main.m */,
			);
			name = "Other Sources";
			sourceTree = "<group>";
		};
		29B97317FDCFA39411CA2CEA /* Resources */ = {
			isa = PBXGroup;
			children = (
				94176FB20E2E659300763E7A /* Bar Images */,
				43EC44820E2EA2A10035DD57 /* iResist.png */,
				94EC96900E3F9AA9009A4CAF /* iResist-large.png */,
				94148A570E2C0E1B00986196 /* resistor_320.png */,
				940D4D720E282F3C003733D4 /* blackmag.png */,
				940D4C360E280A9C003733D4 /* checker.bmp */,
				431ABB610E3D2728009EE3DE /* ResistorValueView.xib */,
				2899E5210DE3E06400AC0155 /* iResistViewController.xib */,
				431ABB4B0E3D25CB009EE3DE /* SettingsView.xib */,
				28AD733E0D9D9553002E5188 /* MainWindow.xib */,
				8D1107310486CEB800E47090 /* Info.plist */,
				945705600E428D4B0097F793 /* Default.png */,
			);
			name = Resources;
			sourceTree = "<group>";
		};
		29B97323FDCFA39411CA2CEA /* Frameworks */ = {
			isa = PBXGroup;
			children = (
				1DF5F4DF0D08C38300B7A737 /* UIKit.framework */,
				1D30AB110D05D00D00671497 /* Foundation.framework */,
			);
			name = Frameworks;
			sourceTree = "<group>";
		};
		94176FB20E2E659300763E7A /* Bar Images */ = {
			isa = PBXGroup;
			children = (
				94176FB80E2E65A100763E7A /* blue.png */,
				94176FB90E2E65A100763E7A /* black.png */,
				94176FBA0E2E65A100763E7A /* brown.png */,
				94176FBB0E2E65A100763E7A /* yellow.png */,
				94176FBC0E2E65A100763E7A /* red.png */,
				94176FBD0E2E65A100763E7A /* gold.png */,
				94176FBE0E2E65A100763E7A /* violet.png */,
				94176FBF0E2E65A100763E7A /* white.png */,
				94176FC00E2E65A100763E7A /* green.png */,
				94176FC10E2E65A100763E7A /* silver.png */,
				94176FC20E2E65A100763E7A /* orange.png */,
				94176FC30E2E65A100763E7A /* gray.png */,
			);
			name = "Bar Images";
			sourceTree = "<group>";
		};
/* End PBXGroup section */

/* Begin PBXNativeTarget section */
		1D6058900D05DD3D006BFB54 /* iResist */ = {
			isa = PBXNativeTarget;
			buildConfigurationList = 1D6058960D05DD3E006BFB54 /* Build configuration list for PBXNativeTarget "iResist" */;
			buildPhases = (
				1D60588D0D05DD3D006BFB54 /* Resources */,
				1D60588E0D05DD3D006BFB54 /* Sources */,
				1D60588F0D05DD3D006BFB54 /* Frameworks */,
			);
			buildRules = (
			);
			dependencies = (
			);
			name = iResist;
			productName = iResist;
			productReference = 1D6058910D05DD3D006BFB54 /* iResist.app */;
			productType = "com.apple.product-type.application";
		};
/* End PBXNativeTarget section */

/* Begin PBXProject section */
		29B97313FDCFA39411CA2CEA /* Project object */ = {
			isa = PBXProject;
			buildConfigurationList = C01FCF4E08A954540054247B /* Build configuration list for PBXProject "iResist" */;
			compatibilityVersion = "Xcode 3.1";
			hasScannedForEncodings = 1;
			mainGroup = 29B97314FDCFA39411CA2CEA /* CustomTemplate */;
			projectDirPath = "";
			projectRoot = "";
			targets = (
				1D6058900D05DD3D006BFB54 /* iResist */,
			);
		};
/* End PBXProject section */

/* Begin PBXResourcesBuildPhase section */
		1D60588D0D05DD3D006BFB54 /* Resources */ = {
			isa = PBXResourcesBuildPhase;
			buildActionMask = 2147483647;
			files = (
				28AD733F0D9D9553002E5188 /* MainWindow.xib in Resources */,
				2899E5220DE3E06400AC0155 /* iResistViewController.xib in Resources */,
				940D4C370E280A9C003733D4 /* checker.bmp in Resources */,
				940D4D730E282F3C003733D4 /* blackmag.png in Resources */,
				94148A580E2C0E1B00986196 /* resistor_320.png in Resources */,
				94176FC40E2E65A100763E7A /* blue.png in Resources */,
				94176FC50E2E65A100763E7A /* black.png in Resources */,
				94176FC60E2E65A100763E7A /* brown.png in Resources */,
				94176FC70E2E65A100763E7A /* yellow.png in Resources */,
				94176FC80E2E65A100763E7A /* red.png in Resources */,
				94176FC90E2E65A100763E7A /* gold.png in Resources */,
				94176FCA0E2E65A100763E7A /* violet.png in Resources */,
				94176FCB0E2E65A100763E7A /* white.png in Resources */,
				94176FCC0E2E65A100763E7A /* green.png in Resources */,
				94176FCD0E2E65A100763E7A /* silver.png in Resources */,
				94176FCE0E2E65A100763E7A /* orange.png in Resources */,
				94176FCF0E2E65A100763E7A /* gray.png in Resources */,
				43EC44830E2EA2A10035DD57 /* iResist.png in Resources */,
				431ABB4C0E3D25CB009EE3DE /* SettingsView.xib in Resources */,
				431ABB620E3D2728009EE3DE /* ResistorValueView.xib in Resources */,
				94B8E9250E403FAD00C1B620 /* iResist-large.png in Resources */,
				945705610E428D4B0097F793 /* Default.png in Resources */,
			);
			runOnlyForDeploymentPostprocessing = 0;
		};
/* End PBXResourcesBuildPhase section */

/* Begin PBXSourcesBuildPhase section */
		1D60588E0D05DD3D006BFB54 /* Sources */ = {
			isa = PBXSourcesBuildPhase;
			buildActionMask = 2147483647;
			files = (
				1D60589B0D05DD56006BFB54 /* main.m in Sources */,
				1D3623260D0F684500981E51 /* iResistAppDelegate.m in Sources */,
				28D7ACF80DDB3853001CB0EB /* iResistViewController.m in Sources */,
				430B96FF0E2695AF001F33CC /* ResistorColorPicker.m in Sources */,
				431ABB6B0E3D2892009EE3DE /* ResistorValueViewController.m in Sources */,
				431ABB6E0E3D289A009EE3DE /* SettingsViewController.m in Sources */,
			);
			runOnlyForDeploymentPostprocessing = 0;
		};
/* End PBXSourcesBuildPhase section */

/* Begin XCBuildConfiguration section */
		1D6058940D05DD3E006BFB54 /* Debug */ = {
			isa = XCBuildConfiguration;
			buildSettings = {
				ALWAYS_SEARCH_USER_PATHS = NO;
				COPY_PHASE_STRIP = NO;
				GCC_DYNAMIC_NO_PIC = NO;
				GCC_OPTIMIZATION_LEVEL = 0;
				GCC_PRECOMPILE_PREFIX_HEADER = YES;
				GCC_PREFIX_HEADER = iResist_Prefix.pch;
				INFOPLIST_FILE = Info.plist;
				PRODUCT_NAME = iResist;
			};
			name = Debug;
		};
		1D6058950D05DD3E006BFB54 /* Release */ = {
			isa = XCBuildConfiguration;
			buildSettings = {
				ALWAYS_SEARCH_USER_PATHS = NO;
				COPY_PHASE_STRIP = YES;
				GCC_PRECOMPILE_PREFIX_HEADER = YES;
				GCC_PREFIX_HEADER = iResist_Prefix.pch;
				INFOPLIST_FILE = Info.plist;
				PRODUCT_NAME = iResist;
			};
			name = Release;
		};
		941F9C940E2E7EA600C7E635 /* Distribution */ = {
			isa = XCBuildConfiguration;
			buildSettings = {
				ARCHS = "$(ARCHS_STANDARD_32_BIT)";
				"CODE_SIGN_IDENTITY[sdk=iphoneos*]" = "iPhone Distribution: Ryan Joseph";
				GCC_C_LANGUAGE_STANDARD = c99;
				GCC_WARN_ABOUT_RETURN_TYPE = YES;
				GCC_WARN_UNUSED_VARIABLE = YES;
				PREBINDING = NO;
				PROVISIONING_PROFILE = DefaultProfileUuid;
				"PROVISIONING_PROFILE[sdk=iphoneos*]" = "DE6879B7-EFB1-4A1A-BA52-ADE5B0A56C65";
				SDKROOT = iphoneos2.0;
			};
			name = Distribution;
		};
		941F9C950E2E7EA600C7E635 /* Distribution */ = {
			isa = XCBuildConfiguration;
			buildSettings = {
				ALWAYS_SEARCH_USER_PATHS = NO;
				COPY_PHASE_STRIP = YES;
				GCC_PRECOMPILE_PREFIX_HEADER = YES;
				GCC_PREFIX_HEADER = iResist_Prefix.pch;
				INFOPLIST_FILE = Info.plist;
				PRODUCT_NAME = iResist;
			};
			name = Distribution;
		};
		941F9C960E2E7EAA00C7E635 /* AdHoc */ = {
			isa = XCBuildConfiguration;
			buildSettings = {
				ARCHS = "$(ARCHS_STANDARD_32_BIT)";
				"CODE_SIGN_IDENTITY[sdk=iphoneos*]" = "iPhone Distribution: Ryan Joseph";
				GCC_C_LANGUAGE_STANDARD = c99;
				GCC_WARN_ABOUT_RETURN_TYPE = YES;
				GCC_WARN_UNUSED_VARIABLE = YES;
				PREBINDING = NO;
				PROVISIONING_PROFILE = DefaultProfileUuid;
				"PROVISIONING_PROFILE[sdk=iphoneos*]" = "87677CFB-38D6-4A50-932D-03D1BAD44415";
				SDKROOT = iphoneos2.0;
			};
			name = AdHoc;
		};
		941F9C970E2E7EAA00C7E635 /* AdHoc */ = {
			isa = XCBuildConfiguration;
			buildSettings = {
				ALWAYS_SEARCH_USER_PATHS = NO;
				COPY_PHASE_STRIP = YES;
				GCC_PRECOMPILE_PREFIX_HEADER = YES;
				GCC_PREFIX_HEADER = iResist_Prefix.pch;
				INFOPLIST_FILE = Info.plist;
				PRODUCT_NAME = iResist;
			};
			name = AdHoc;
		};
		C01FCF4F08A954540054247B /* Debug */ = {
			isa = XCBuildConfiguration;
			buildSettings = {
				ARCHS = "$(ARCHS_STANDARD_32_BIT)";
				"CODE_SIGN_IDENTITY[sdk=iphoneos*]" = "iPhone Developer: Ryan Joseph";
				GCC_C_LANGUAGE_STANDARD = c99;
				GCC_WARN_ABOUT_RETURN_TYPE = YES;
				GCC_WARN_UNUSED_VARIABLE = YES;
				ONLY_ACTIVE_ARCH = YES;
				PREBINDING = NO;
				"PROVISIONING_PROFILE[sdk=iphoneos*]" = "4597A260-9E8A-4E23-B80C-EFFE898C49B1";
				SDKROOT = iphoneos2.0;
			};
			name = Debug;
		};
		C01FCF5008A954540054247B /* Release */ = {
			isa = XCBuildConfiguration;
			buildSettings = {
				ARCHS = "$(ARCHS_STANDARD_32_BIT)";
				"CODE_SIGN_IDENTITY[sdk=iphoneos*]" = "iPhone Developer: Ryan Joseph";
				GCC_C_LANGUAGE_STANDARD = c99;
				GCC_WARN_ABOUT_RETURN_TYPE = YES;
				GCC_WARN_UNUSED_VARIABLE = YES;
				PREBINDING = NO;
				"PROVISIONING_PROFILE[sdk=iphoneos*]" = "4597A260-9E8A-4E23-B80C-EFFE898C49B1";
				SDKROOT = iphoneos2.0;
			};
			name = Release;
		};
/* End XCBuildConfiguration section */

/* Begin XCConfigurationList section */
		1D6058960D05DD3E006BFB54 /* Build configuration list for PBXNativeTarget "iResist" */ = {
			isa = XCConfigurationList;
			buildConfigurations = (
				1D6058940D05DD3E006BFB54 /* Debug */,
				1D6058950D05DD3E006BFB54 /* Release */,
				941F9C950E2E7EA600C7E635 /* Distribution */,
				941F9C970E2E7EAA00C7E635 /* AdHoc */,
			);
			defaultConfigurationIsVisible = 0;
			defaultConfigurationName = Release;
		};
		C01FCF4E08A954540054247B /* Build configuration list for PBXProject "iResist" */ = {
			isa = XCConfigurationList;
			buildConfigurations = (
				C01FCF4F08A954540054247B /* Debug */,
				C01FCF5008A954540054247B /* Release */,
				941F9C940E2E7EA600C7E635 /* Distribution */,
				941F9C960E2E7EAA00C7E635 /* AdHoc */,
			);
			defaultConfigurationIsVisible = 0;
			defaultConfigurationName = Release;
		};
/* End XCConfigurationList section */
	};
	rootObject = 29B97313FDCFA39411CA2CEA /* Project object */;
}
